# This file is automatically @generated by Cargo.
# It is not intended for manual editing.
version = 4

[[package]]
name = "c-dylib"
version = "0.1.0"
dependencies = [
 "cc",
]

[[package]]
name = "cc"
version = "1.2.37"
source = "registry+https://github.com/rust-lang/crates.io-index"
checksum = "65193589c6404eb80b450d618eaf9a2cafaaafd57ecce47370519ef674a7bd44"
dependencies = [
 "find-msvc-tools",
 "shlex",
]

[[package]]
name = "dl-utils"
version = "0.1.0"
dependencies = [
 "libc",
]

[[package]]
name = "find-msvc-tools"
version = "0.1.1"
source = "registry+https://github.com/rust-lang/crates.io-index"
checksum = "7fd99930f64d146689264c637b5af2f0233a933bef0d8570e2526bf9e083192d"

[[package]]
name = "libc"
version = "0.2.175"
source = "registry+https://github.com/rust-lang/crates.io-index"
checksum = "6a82ae493e598baaea5209805c49bbf2ea7de956d50d7da0da1164f9c6d28543"

[[package]]
name = "libmimalloc-sys"
version = "0.1.44"
source = "registry+https://github.com/rust-lang/crates.io-index"
checksum = "667f4fec20f29dfc6bc7357c582d91796c169ad7e2fce709468aefeb2c099870"
dependencies = [
 "cc",
 "libc",
]

[[package]]
name = "rust-dylib"
version = "0.1.0"
dependencies = [
 "libc",
 "rust-dylib-inner",
]

[[package]]
name = "rust-dylib-inner"
version = "0.1.0"
dependencies = [
 "dl-utils",
 "libc",
 "libmimalloc-sys",
 "tikv-jemalloc-sys",
]

[[package]]
name = "shlex"
version = "1.3.0"
source = "registry+https://github.com/rust-lang/crates.io-index"
checksum = "0fda2ff0d084019ba4d7c6f371c95d8fd75ce3524c3cb8fb653a3023f6323e64"

[[package]]
name = "test-dylib"
version = "0.1.0"
dependencies = [
 "c-dylib",
 "dl-utils",
 "libc",
 "libmimalloc-sys",
 "rust-dylib",
 "tikv-jemalloc-sys",
]

[[package]]
name = "test-unused"
version = "0.1.0"
dependencies = [
 "libc",
 "libmimalloc-sys",
 "tikv-jemalloc-sys",
]

[[package]]
name = "tikv-jemalloc-sys"
version = "0.6.0+5.3.0-1-ge13ca993e8ccb9ba9847cc330696e02839f328f7"
source = "registry+https://github.com/rust-lang/crates.io-index"
checksum = "cd3c60906412afa9c2b5b5a48ca6a5abe5736aec9eb48ad05037a677e52e4e2d"
dependencies = [
 "cc",
 "libc",
]
